{
  "version": 4,
  "terraform_version": "1.7.2",
  "serial": 49,
  "lineage": "4887bf6f-3973-2799-e074-69aef2110cfa",
  "outputs": {},
  "resources": [
    {
      "mode": "managed",
      "type": "digitalocean_container_registry",
      "name": "my-application",
      "provider": "provider[\"registry.terraform.io/digitalocean/digitalocean\"]",
      "instances": [
        {
          "schema_version": 0,
          "attributes": {
            "created_at": "2024-02-05 09:50:02 +0000 UTC",
            "endpoint": "registry.digitalocean.com/my-application",
            "id": "my-application",
            "name": "my-application",
            "region": "sfo2",
            "server_url": "registry.digitalocean.com",
            "storage_usage_bytes": 0,
            "subscription_tier_slug": "starter"
          },
          "sensitive_attributes": [],
          "private": "bnVsbA=="
        }
      ]
    },
    {
      "mode": "managed",
      "type": "digitalocean_droplet",
      "name": "k8s-master",
      "provider": "provider[\"registry.terraform.io/digitalocean/digitalocean\"]",
      "instances": [
        {
          "schema_version": 1,
          "attributes": {
            "backups": false,
            "created_at": "2024-02-05T10:24:30Z",
            "disk": 80,
            "droplet_agent": null,
            "graceful_shutdown": false,
            "id": "399509176",
            "image": "ubuntu-22-04-x64",
            "ipv4_address": "157.245.62.49",
            "ipv4_address_private": "192.168.1.3",
            "ipv6": false,
            "ipv6_address": "",
            "locked": false,
            "memory": 4096,
            "monitoring": false,
            "name": "k8s-master",
            "price_hourly": 0.03571,
            "price_monthly": 24,
            "private_networking": true,
            "region": "sgp1",
            "resize_disk": true,
            "size": "s-2vcpu-4gb",
            "ssh_keys": [
              "40883240"
            ],
            "status": "active",
            "tags": [
              "k8s-master"
            ],
            "timeouts": null,
            "urn": "do:droplet:399509176",
            "user_data": null,
            "vcpus": 2,
            "volume_ids": [],
            "vpc_uuid": "ae3bfb04-d658-41bb-821e-e00da0a2d54b"
          },
          "sensitive_attributes": [],
          "private": "eyJlMmJmYjczMC1lY2FhLTExZTYtOGY4OC0zNDM2M2JjN2M0YzAiOnsiY3JlYXRlIjozNjAwMDAwMDAwMDAwLCJkZWxldGUiOjYwMDAwMDAwMDAwLCJ1cGRhdGUiOjM2MDAwMDAwMDAwMDB9LCJzY2hlbWFfdmVyc2lvbiI6IjEifQ==",
          "dependencies": [
            "digitalocean_ssh_key.default-key",
            "digitalocean_vpc.main-vpc"
          ]
        }
      ]
    },
    {
      "mode": "managed",
      "type": "digitalocean_droplet",
      "name": "k8s-node-1",
      "provider": "provider[\"registry.terraform.io/digitalocean/digitalocean\"]",
      "instances": [
        {
          "schema_version": 1,
          "attributes": {
            "backups": false,
            "created_at": "2024-02-05T10:24:30Z",
            "disk": 60,
            "droplet_agent": null,
            "graceful_shutdown": false,
            "id": "399509177",
            "image": "ubuntu-22-04-x64",
            "ipv4_address": "143.198.219.154",
            "ipv4_address_private": "192.168.1.4",
            "ipv6": false,
            "ipv6_address": "",
            "locked": false,
            "memory": 2048,
            "monitoring": false,
            "name": "k8s-node-1",
            "price_hourly": 0.02679,
            "price_monthly": 18,
            "private_networking": true,
            "region": "sgp1",
            "resize_disk": true,
            "size": "s-2vcpu-2gb",
            "ssh_keys": [
              "40883240"
            ],
            "status": "active",
            "tags": [
              "k8s-node"
            ],
            "timeouts": null,
            "urn": "do:droplet:399509177",
            "user_data": null,
            "vcpus": 2,
            "volume_ids": [],
            "vpc_uuid": "ae3bfb04-d658-41bb-821e-e00da0a2d54b"
          },
          "sensitive_attributes": [],
          "private": "eyJlMmJmYjczMC1lY2FhLTExZTYtOGY4OC0zNDM2M2JjN2M0YzAiOnsiY3JlYXRlIjozNjAwMDAwMDAwMDAwLCJkZWxldGUiOjYwMDAwMDAwMDAwLCJ1cGRhdGUiOjM2MDAwMDAwMDAwMDB9LCJzY2hlbWFfdmVyc2lvbiI6IjEifQ==",
          "dependencies": [
            "digitalocean_ssh_key.default-key",
            "digitalocean_vpc.main-vpc"
          ]
        }
      ]
    },
    {
      "mode": "managed",
      "type": "digitalocean_droplet",
      "name": "k8s-node-2",
      "provider": "provider[\"registry.terraform.io/digitalocean/digitalocean\"]",
      "instances": [
        {
          "schema_version": 1,
          "attributes": {
            "backups": false,
            "created_at": "2024-02-05T10:24:30Z",
            "disk": 60,
            "droplet_agent": null,
            "graceful_shutdown": false,
            "id": "399509175",
            "image": "ubuntu-22-04-x64",
            "ipv4_address": "143.198.219.128",
            "ipv4_address_private": "192.168.1.2",
            "ipv6": false,
            "ipv6_address": "",
            "locked": false,
            "memory": 2048,
            "monitoring": false,
            "name": "k8s-node-2",
            "price_hourly": 0.02679,
            "price_monthly": 18,
            "private_networking": true,
            "region": "sgp1",
            "resize_disk": true,
            "size": "s-2vcpu-2gb",
            "ssh_keys": [
              "40883240"
            ],
            "status": "active",
            "tags": [
              "k8s-node"
            ],
            "timeouts": null,
            "urn": "do:droplet:399509175",
            "user_data": null,
            "vcpus": 2,
            "volume_ids": [],
            "vpc_uuid": "ae3bfb04-d658-41bb-821e-e00da0a2d54b"
          },
          "sensitive_attributes": [],
          "private": "eyJlMmJmYjczMC1lY2FhLTExZTYtOGY4OC0zNDM2M2JjN2M0YzAiOnsiY3JlYXRlIjozNjAwMDAwMDAwMDAwLCJkZWxldGUiOjYwMDAwMDAwMDAwLCJ1cGRhdGUiOjM2MDAwMDAwMDAwMDB9LCJzY2hlbWFfdmVyc2lvbiI6IjEifQ==",
          "dependencies": [
            "digitalocean_ssh_key.default-key",
            "digitalocean_vpc.main-vpc"
          ]
        }
      ]
    },
    {
      "mode": "managed",
      "type": "digitalocean_ssh_key",
      "name": "default-key",
      "provider": "provider[\"registry.terraform.io/digitalocean/digitalocean\"]",
      "instances": [
        {
          "schema_version": 0,
          "attributes": {
            "fingerprint": "c2:d7:54:97:5e:50:b4:a2:94:b7:b0:06:94:a4:67:cf",
            "id": "40883240",
            "name": "default-key",
            "public_key": "ssh-rsa AAAAB3NzaC1yc2EAAAADAQABAAABgQDaEPTroeXSY2JSPWV605vzWzMvR8zDJKcRxeb/v5PB8dS2z2i4cQWoaBLtEgje8eISKyFdsOpuOKXcUcnkTBUx8jrcwMc85apyqTXn8+70UvKqdYFtqCQ0gydlnXwsC4MO+8c/FvEieZQZjP7fRfOXP/vwsKk9l66MqOIzYMs0R0Esmr3qyTEUzjy2pk2roN1fM3yVegslwUw9UiNz84oTtU1r5uodhFD1As8SBeImQc5M7aQ+AZ+KN6+myVqxa496fxUSANfjSZGrqNZmcu4lQ+6KwchfZMbX0bt3BA+iaJyV3p6w6YzVqVgfmM6vONyxf26vpnXTSnFC1znGxVZ3P/ZmgKG3rMRxmA1YlFXNrdQ6+ncEAVDy5TIV0J09nlRy1JTHf1ntpII/b0huFbPrfT/Z/TF6e7vcCxlpNJaqfj69tF89zRNohohClLPohPnEpJjkXa4aQxfOen02YPO2O1hYH1irNQVrKoKT0CtA5p3FiZ4+v3x2oD8TmYHYFBM= duchai@Jenny\n"
          },
          "sensitive_attributes": [],
          "private": "bnVsbA=="
        }
      ]
    },
    {
      "mode": "managed",
      "type": "digitalocean_vpc",
      "name": "main-vpc",
      "provider": "provider[\"registry.terraform.io/digitalocean/digitalocean\"]",
      "instances": [
        {
          "schema_version": 0,
          "attributes": {
            "created_at": "2024-02-05 09:49:55 +0000 UTC",
            "default": false,
            "description": "",
            "id": "ae3bfb04-d658-41bb-821e-e00da0a2d54b",
            "ip_range": "192.168.1.0/24",
            "name": "main-vpc",
            "region": "sgp1",
            "timeouts": null,
            "urn": "do:vpc:ae3bfb04-d658-41bb-821e-e00da0a2d54b"
          },
          "sensitive_attributes": [],
          "private": "eyJlMmJmYjczMC1lY2FhLTExZTYtOGY4OC0zNDM2M2JjN2M0YzAiOnsiZGVsZXRlIjoxMjAwMDAwMDAwMDB9fQ=="
        }
      ]
    }
  ],
  "check_results": null
}
